
Microsoft Visual Studio Solution File, Format Version 12.00
# Visual Studio Version 16
VisualStudioVersion = 16.0.31205.134
MinimumVisualStudioVersion = 10.0.40219.1
Project("{8BC9CEB8-8B4A-11D0-8D11-00A0C91BC942}") = "chap7", "chap7\chap7.vcxproj", "{4EE1A054-3375-4C8B-8E6F-3FBB16A810E0}"
EndProject
Project("{8BC9CEB8-8B4A-11D0-8D11-00A0C91BC942}") = "실습5-8", "실습7-8\실습7-8.vcxproj", "{04EE259A-2237-4494-8DD8-0BFB8DC395B8}"
EndProject
Project("{8BC9CEB8-8B4A-11D0-8D11-00A0C91BC942}") = "실습5-9", "실습5-9\실습5-9.vcxproj", "{A15F4B4B-920C-483A-84B1-BD8AD1AA8AB0}"
EndProject
Project("{8BC9CEB8-8B4A-11D0-8D11-00A0C91BC942}") = "실습5-10", "실습5-10\실습5-10.vcxproj", "{F8FDB1C0-66D1-4221-AC15-FADBC3400A5F}"
EndProject
Project("{8BC9CEB8-8B4A-11D0-8D11-00A0C91BC942}") = "실습5-11", "실습5-11\실습5-11.vcxproj", "{FE24D612-2865-4E2A-A3C1-DD36432F7AC5}"
EndProject
Project("{8BC9CEB8-8B4A-11D0-8D11-00A0C91BC942}") = "실습5-12", "실습5-12\실습5-12.vcxproj", "{0C56E902-9C69-4A8C-B0C7-E8286C3A31B8}"
EndProject
Project("{8BC9CEB8-8B4A-11D0-8D11-00A0C91BC942}") = "예제6-1", "예제6-1\예제6-1.vcxproj", "{4397B330-B78C-4504-B55E-447D7887F2F7}"
EndProject
Project("{8BC9CEB8-8B4A-11D0-8D11-00A0C91BC942}") = "예제6-2", "예제6-2\예제6-2.vcxproj", "{D361E754-D4C6-4820-B8DE-8B72A7039323}"
EndProject
Project("{8BC9CEB8-8B4A-11D0-8D11-00A0C91BC942}") = "예제6-3", "예제6-3\예제6-3.vcxproj", "{67A018E1-0F48-486A-B0BF-60596268D2BA}"
EndProject
Project("{8BC9CEB8-8B4A-11D0-8D11-00A0C91BC942}") = "예제6-4", "예제6-4\예제6-4.vcxproj", "{C79151A7-E0B6-4997-930C-1F15D061A59F}"
EndProject
Project("{8BC9CEB8-8B4A-11D0-8D11-00A0C91BC942}") = "예제6-5", "예제6-5\예제6-5.vcxproj", "{C449B65D-AC24-468C-967E-1329A7DA25D1}"
EndProject
Project("{8BC9CEB8-8B4A-11D0-8D11-00A0C91BC942}") = "예제6-6", "예제6-6\예제6-6.vcxproj", "{98B8EC8A-E05F-4A7C-98D1-E2F17790CD36}"
EndProject
Project("{8BC9CEB8-8B4A-11D0-8D11-00A0C91BC942}") = "예제6-7", "예제6-7\예제6-7.vcxproj", "{E6E7FDAA-CA6A-4FDA-AD92-AF0D545734DD}"
EndProject
Project("{8BC9CEB8-8B4A-11D0-8D11-00A0C91BC942}") = "예제6-8", "예제6-8\예제6-8.vcxproj", "{25163CBD-33EA-4A06-AAF4-6236A99DE2FD}"
EndProject
Project("{8BC9CEB8-8B4A-11D0-8D11-00A0C91BC942}") = "그림6-11", "그림6-11\그림6-11.vcxproj", "{4E0C325D-5139-4FC4-8593-782A106AEF7F}"
EndProject
Project("{8BC9CEB8-8B4A-11D0-8D11-00A0C91BC942}") = "그림6-12", "그림6-12\그림6-12.vcxproj", "{67D3650F-0F16-4301-A2DA-A8CF6F1BDB62}"
EndProject
Project("{8BC9CEB8-8B4A-11D0-8D11-00A0C91BC942}") = "예제6-10", "예제6-10\예제6-10.vcxproj", "{5BE45935-647A-409A-AA77-227DBFFF61C9}"
EndProject
Project("{8BC9CEB8-8B4A-11D0-8D11-00A0C91BC942}") = "예제6-11", "예제6-11\예제6-11.vcxproj", "{F18BD8E1-F636-420F-AED7-0C9837F332BE}"
EndProject
Project("{8BC9CEB8-8B4A-11D0-8D11-00A0C91BC942}") = "실습6-1", "실습6-1\실습6-1.vcxproj", "{2C804D7C-7A67-452A-A013-11B88A5CF9DE}"
EndProject
Project("{8BC9CEB8-8B4A-11D0-8D11-00A0C91BC942}") = "실습6-2", "실습6-2\실습6-2.vcxproj", "{245914C2-20A3-48DF-BE49-E3B62E36E6AA}"
EndProject
Project("{8BC9CEB8-8B4A-11D0-8D11-00A0C91BC942}") = "실습6-3", "실습6-3\실습6-3.vcxproj", "{B7BB46DB-A0A0-493D-9EB8-294F3B29475E}"
EndProject
Project("{8BC9CEB8-8B4A-11D0-8D11-00A0C91BC942}") = "실습6-4", "실습6-4\실습6-4.vcxproj", "{C6F92851-D3A3-4AFC-BAB0-76E4AF1B3D1D}"
EndProject
Project("{8BC9CEB8-8B4A-11D0-8D11-00A0C91BC942}") = "실습6-5", "실습6-5\실습6-5.vcxproj", "{E82CFCF5-D618-4FB0-9E3E-5BDA23F1C699}"
EndProject
Project("{8BC9CEB8-8B4A-11D0-8D11-00A0C91BC942}") = "실습6-6", "실습6-6\실습6-6.vcxproj", "{CDC635FF-2F17-486B-8B34-5D7D48A4EAC1}"
EndProject
Project("{8BC9CEB8-8B4A-11D0-8D11-00A0C91BC942}") = "실습6-7", "실습6-7\실습6-7.vcxproj", "{708309AF-235F-4AB5-AC5B-001C023BF0A3}"
EndProject
Project("{8BC9CEB8-8B4A-11D0-8D11-00A0C91BC942}") = "실습6-8", "실습6-8\실습6-8.vcxproj", "{8A0A2833-432D-4406-B2F5-6C1D1A2D6C46}"
EndProject
Project("{8BC9CEB8-8B4A-11D0-8D11-00A0C91BC942}") = "실습6-9", "실습6-9\실습6-9.vcxproj", "{ED6ECC8C-C16E-48FE-A646-ED78DD7BAF93}"
EndProject
Project("{8BC9CEB8-8B4A-11D0-8D11-00A0C91BC942}") = "예제7-1", "예제7-1\예제7-1.vcxproj", "{E348A005-E74A-49E3-A96F-7021E0BEC496}"
EndProject
Project("{8BC9CEB8-8B4A-11D0-8D11-00A0C91BC942}") = "예제7-2", "예제7-2\예제7-2.vcxproj", "{B94C2832-F92E-48F2-84AF-5265B9A015C8}"
EndProject
Project("{8BC9CEB8-8B4A-11D0-8D11-00A0C91BC942}") = "예제7-3", "예제7-3\예제7-3.vcxproj", "{2AE9065C-48E1-481B-A821-B65603CA1221}"
EndProject
Project("{8BC9CEB8-8B4A-11D0-8D11-00A0C91BC942}") = "예제7-4", "예제7-4\예제7-4.vcxproj", "{00B7E73D-BF97-4E00-A5E8-46F8E935F1AD}"
EndProject
Project("{8BC9CEB8-8B4A-11D0-8D11-00A0C91BC942}") = "예제7-5", "예제7-5\예제7-5.vcxproj", "{71AF237B-8BB9-4F06-AF73-FE020BC00266}"
EndProject
Project("{8BC9CEB8-8B4A-11D0-8D11-00A0C91BC942}") = "예제7-6", "예제7-6\예제7-6.vcxproj", "{0243C292-3D66-4B5E-B196-14EEDAC8DE85}"
EndProject
Project("{8BC9CEB8-8B4A-11D0-8D11-00A0C91BC942}") = "예제7-7", "예제7-7\예제7-7.vcxproj", "{FE302157-A872-4EA1-B263-8CACB02DF027}"
EndProject
Project("{8BC9CEB8-8B4A-11D0-8D11-00A0C91BC942}") = "예제7-8", "예제7-8\예제7-8.vcxproj", "{ACB789E2-38C4-4389-ACDF-A6226D0122A7}"
EndProject
Project("{8BC9CEB8-8B4A-11D0-8D11-00A0C91BC942}") = "예제 7-9", "예제 7-9\예제 7-9.vcxproj", "{9049642C-2B83-40EE-9744-21100BB0A07E}"
EndProject
Project("{8BC9CEB8-8B4A-11D0-8D11-00A0C91BC942}") = "예제7-10", "예제7-10\예제7-10.vcxproj", "{7FD46CCA-81BB-4A4F-9ED2-C909F9040E6C}"
EndProject
Project("{8BC9CEB8-8B4A-11D0-8D11-00A0C91BC942}") = "예제7-11", "예제7-11\예제7-11.vcxproj", "{E1520580-F224-4D9C-844E-79CE02D2D26E}"
EndProject
Project("{8BC9CEB8-8B4A-11D0-8D11-00A0C91BC942}") = "예제7-12", "예제7-12\예제7-12.vcxproj", "{6A352A6E-1DE1-4DBD-80BD-BCC9E973D65D}"
EndProject
Project("{8BC9CEB8-8B4A-11D0-8D11-00A0C91BC942}") = "예제7-13", "예제7-13\예제7-13.vcxproj", "{6DBC890C-CC83-4B31-8A16-20362760740B}"
EndProject
Project("{8BC9CEB8-8B4A-11D0-8D11-00A0C91BC942}") = "예제7-14", "예제7-14\예제7-14.vcxproj", "{5EEBEB8C-1F4F-480C-89CF-76BA9E0E524D}"
EndProject
Project("{8BC9CEB8-8B4A-11D0-8D11-00A0C91BC942}") = "실습7-1", "실습7-1\실습7-1.vcxproj", "{8E45FBE6-399F-4FA3-9BFD-37F5EC53EFCE}"
EndProject
Project("{8BC9CEB8-8B4A-11D0-8D11-00A0C91BC942}") = "실습7-2", "실습7-2\실습7-2.vcxproj", "{6AB1F919-EA74-42ED-8F29-83CBC16D0690}"
EndProject
Project("{8BC9CEB8-8B4A-11D0-8D11-00A0C91BC942}") = "실습7-3", "실습7-3\실습7-3.vcxproj", "{DDB8F4DC-C11C-40D1-86D9-44A4176A0BF5}"
EndProject
Project("{8BC9CEB8-8B4A-11D0-8D11-00A0C91BC942}") = "실습7-4", "실습7-4\실습7-4.vcxproj", "{896ED0BD-3F98-44E4-A722-BC658CCB53D0}"
EndProject
Project("{8BC9CEB8-8B4A-11D0-8D11-00A0C91BC942}") = "실습7-5", "실습7-5\실습7-5.vcxproj", "{BAE84C48-F0D5-43D4-857B-44D3274874C0}"
EndProject
Project("{8BC9CEB8-8B4A-11D0-8D11-00A0C91BC942}") = "실습7-6", "실습7-6\실습7-6.vcxproj", "{DD6F1B31-7335-4291-B1CF-442A4BCCC416}"
EndProject
Global
	GlobalSection(SolutionConfigurationPlatforms) = preSolution
		Debug|x64 = Debug|x64
		Debug|x86 = Debug|x86
		Release|x64 = Release|x64
		Release|x86 = Release|x86
	EndGlobalSection
	GlobalSection(ProjectConfigurationPlatforms) = postSolution
		{4EE1A054-3375-4C8B-8E6F-3FBB16A810E0}.Debug|x64.ActiveCfg = Debug|x64
		{4EE1A054-3375-4C8B-8E6F-3FBB16A810E0}.Debug|x64.Build.0 = Debug|x64
		{4EE1A054-3375-4C8B-8E6F-3FBB16A810E0}.Debug|x86.ActiveCfg = Debug|Win32
		{4EE1A054-3375-4C8B-8E6F-3FBB16A810E0}.Debug|x86.Build.0 = Debug|Win32
		{4EE1A054-3375-4C8B-8E6F-3FBB16A810E0}.Release|x64.ActiveCfg = Release|x64
		{4EE1A054-3375-4C8B-8E6F-3FBB16A810E0}.Release|x64.Build.0 = Release|x64
		{4EE1A054-3375-4C8B-8E6F-3FBB16A810E0}.Release|x86.ActiveCfg = Release|Win32
		{4EE1A054-3375-4C8B-8E6F-3FBB16A810E0}.Release|x86.Build.0 = Release|Win32
		{04EE259A-2237-4494-8DD8-0BFB8DC395B8}.Debug|x64.ActiveCfg = Debug|x64
		{04EE259A-2237-4494-8DD8-0BFB8DC395B8}.Debug|x64.Build.0 = Debug|x64
		{04EE259A-2237-4494-8DD8-0BFB8DC395B8}.Debug|x86.ActiveCfg = Debug|Win32
		{04EE259A-2237-4494-8DD8-0BFB8DC395B8}.Debug|x86.Build.0 = Debug|Win32
		{04EE259A-2237-4494-8DD8-0BFB8DC395B8}.Release|x64.ActiveCfg = Release|x64
		{04EE259A-2237-4494-8DD8-0BFB8DC395B8}.Release|x64.Build.0 = Release|x64
		{04EE259A-2237-4494-8DD8-0BFB8DC395B8}.Release|x86.ActiveCfg = Release|Win32
		{04EE259A-2237-4494-8DD8-0BFB8DC395B8}.Release|x86.Build.0 = Release|Win32
		{A15F4B4B-920C-483A-84B1-BD8AD1AA8AB0}.Debug|x64.ActiveCfg = Debug|x64
		{A15F4B4B-920C-483A-84B1-BD8AD1AA8AB0}.Debug|x64.Build.0 = Debug|x64
		{A15F4B4B-920C-483A-84B1-BD8AD1AA8AB0}.Debug|x86.ActiveCfg = Debug|Win32
		{A15F4B4B-920C-483A-84B1-BD8AD1AA8AB0}.Debug|x86.Build.0 = Debug|Win32
		{A15F4B4B-920C-483A-84B1-BD8AD1AA8AB0}.Release|x64.ActiveCfg = Release|x64
		{A15F4B4B-920C-483A-84B1-BD8AD1AA8AB0}.Release|x64.Build.0 = Release|x64
		{A15F4B4B-920C-483A-84B1-BD8AD1AA8AB0}.Release|x86.ActiveCfg = Release|Win32
		{A15F4B4B-920C-483A-84B1-BD8AD1AA8AB0}.Release|x86.Build.0 = Release|Win32
		{F8FDB1C0-66D1-4221-AC15-FADBC3400A5F}.Debug|x64.ActiveCfg = Debug|x64
		{F8FDB1C0-66D1-4221-AC15-FADBC3400A5F}.Debug|x64.Build.0 = Debug|x64
		{F8FDB1C0-66D1-4221-AC15-FADBC3400A5F}.Debug|x86.ActiveCfg = Debug|Win32
		{F8FDB1C0-66D1-4221-AC15-FADBC3400A5F}.Debug|x86.Build.0 = Debug|Win32
		{F8FDB1C0-66D1-4221-AC15-FADBC3400A5F}.Release|x64.ActiveCfg = Release|x64
		{F8FDB1C0-66D1-4221-AC15-FADBC3400A5F}.Release|x64.Build.0 = Release|x64
		{F8FDB1C0-66D1-4221-AC15-FADBC3400A5F}.Release|x86.ActiveCfg = Release|Win32
		{F8FDB1C0-66D1-4221-AC15-FADBC3400A5F}.Release|x86.Build.0 = Release|Win32
		{FE24D612-2865-4E2A-A3C1-DD36432F7AC5}.Debug|x64.ActiveCfg = Debug|x64
		{FE24D612-2865-4E2A-A3C1-DD36432F7AC5}.Debug|x64.Build.0 = Debug|x64
		{FE24D612-2865-4E2A-A3C1-DD36432F7AC5}.Debug|x86.ActiveCfg = Debug|Win32
		{FE24D612-2865-4E2A-A3C1-DD36432F7AC5}.Debug|x86.Build.0 = Debug|Win32
		{FE24D612-2865-4E2A-A3C1-DD36432F7AC5}.Release|x64.ActiveCfg = Release|x64
		{FE24D612-2865-4E2A-A3C1-DD36432F7AC5}.Release|x64.Build.0 = Release|x64
		{FE24D612-2865-4E2A-A3C1-DD36432F7AC5}.Release|x86.ActiveCfg = Release|Win32
		{FE24D612-2865-4E2A-A3C1-DD36432F7AC5}.Release|x86.Build.0 = Release|Win32
		{0C56E902-9C69-4A8C-B0C7-E8286C3A31B8}.Debug|x64.ActiveCfg = Debug|x64
		{0C56E902-9C69-4A8C-B0C7-E8286C3A31B8}.Debug|x64.Build.0 = Debug|x64
		{0C56E902-9C69-4A8C-B0C7-E8286C3A31B8}.Debug|x86.ActiveCfg = Debug|Win32
		{0C56E902-9C69-4A8C-B0C7-E8286C3A31B8}.Debug|x86.Build.0 = Debug|Win32
		{0C56E902-9C69-4A8C-B0C7-E8286C3A31B8}.Release|x64.ActiveCfg = Release|x64
		{0C56E902-9C69-4A8C-B0C7-E8286C3A31B8}.Release|x64.Build.0 = Release|x64
		{0C56E902-9C69-4A8C-B0C7-E8286C3A31B8}.Release|x86.ActiveCfg = Release|Win32
		{0C56E902-9C69-4A8C-B0C7-E8286C3A31B8}.Release|x86.Build.0 = Release|Win32
		{4397B330-B78C-4504-B55E-447D7887F2F7}.Debug|x64.ActiveCfg = Debug|x64
		{4397B330-B78C-4504-B55E-447D7887F2F7}.Debug|x64.Build.0 = Debug|x64
		{4397B330-B78C-4504-B55E-447D7887F2F7}.Debug|x86.ActiveCfg = Debug|Win32
		{4397B330-B78C-4504-B55E-447D7887F2F7}.Debug|x86.Build.0 = Debug|Win32
		{4397B330-B78C-4504-B55E-447D7887F2F7}.Release|x64.ActiveCfg = Release|x64
		{4397B330-B78C-4504-B55E-447D7887F2F7}.Release|x64.Build.0 = Release|x64
		{4397B330-B78C-4504-B55E-447D7887F2F7}.Release|x86.ActiveCfg = Release|Win32
		{4397B330-B78C-4504-B55E-447D7887F2F7}.Release|x86.Build.0 = Release|Win32
		{D361E754-D4C6-4820-B8DE-8B72A7039323}.Debug|x64.ActiveCfg = Debug|x64
		{D361E754-D4C6-4820-B8DE-8B72A7039323}.Debug|x64.Build.0 = Debug|x64
		{D361E754-D4C6-4820-B8DE-8B72A7039323}.Debug|x86.ActiveCfg = Debug|Win32
		{D361E754-D4C6-4820-B8DE-8B72A7039323}.Debug|x86.Build.0 = Debug|Win32
		{D361E754-D4C6-4820-B8DE-8B72A7039323}.Release|x64.ActiveCfg = Release|x64
		{D361E754-D4C6-4820-B8DE-8B72A7039323}.Release|x64.Build.0 = Release|x64
		{D361E754-D4C6-4820-B8DE-8B72A7039323}.Release|x86.ActiveCfg = Release|Win32
		{D361E754-D4C6-4820-B8DE-8B72A7039323}.Release|x86.Build.0 = Release|Win32
		{67A018E1-0F48-486A-B0BF-60596268D2BA}.Debug|x64.ActiveCfg = Debug|x64
		{67A018E1-0F48-486A-B0BF-60596268D2BA}.Debug|x64.Build.0 = Debug|x64
		{67A018E1-0F48-486A-B0BF-60596268D2BA}.Debug|x86.ActiveCfg = Debug|Win32
		{67A018E1-0F48-486A-B0BF-60596268D2BA}.Debug|x86.Build.0 = Debug|Win32
		{67A018E1-0F48-486A-B0BF-60596268D2BA}.Release|x64.ActiveCfg = Release|x64
		{67A018E1-0F48-486A-B0BF-60596268D2BA}.Release|x64.Build.0 = Release|x64
		{67A018E1-0F48-486A-B0BF-60596268D2BA}.Release|x86.ActiveCfg = Release|Win32
		{67A018E1-0F48-486A-B0BF-60596268D2BA}.Release|x86.Build.0 = Release|Win32
		{C79151A7-E0B6-4997-930C-1F15D061A59F}.Debug|x64.ActiveCfg = Debug|x64
		{C79151A7-E0B6-4997-930C-1F15D061A59F}.Debug|x64.Build.0 = Debug|x64
		{C79151A7-E0B6-4997-930C-1F15D061A59F}.Debug|x86.ActiveCfg = Debug|Win32
		{C79151A7-E0B6-4997-930C-1F15D061A59F}.Debug|x86.Build.0 = Debug|Win32
		{C79151A7-E0B6-4997-930C-1F15D061A59F}.Release|x64.ActiveCfg = Release|x64
		{C79151A7-E0B6-4997-930C-1F15D061A59F}.Release|x64.Build.0 = Release|x64
		{C79151A7-E0B6-4997-930C-1F15D061A59F}.Release|x86.ActiveCfg = Release|Win32
		{C79151A7-E0B6-4997-930C-1F15D061A59F}.Release|x86.Build.0 = Release|Win32
		{C449B65D-AC24-468C-967E-1329A7DA25D1}.Debug|x64.ActiveCfg = Debug|x64
		{C449B65D-AC24-468C-967E-1329A7DA25D1}.Debug|x64.Build.0 = Debug|x64
		{C449B65D-AC24-468C-967E-1329A7DA25D1}.Debug|x86.ActiveCfg = Debug|Win32
		{C449B65D-AC24-468C-967E-1329A7DA25D1}.Debug|x86.Build.0 = Debug|Win32
		{C449B65D-AC24-468C-967E-1329A7DA25D1}.Release|x64.ActiveCfg = Release|x64
		{C449B65D-AC24-468C-967E-1329A7DA25D1}.Release|x64.Build.0 = Release|x64
		{C449B65D-AC24-468C-967E-1329A7DA25D1}.Release|x86.ActiveCfg = Release|Win32
		{C449B65D-AC24-468C-967E-1329A7DA25D1}.Release|x86.Build.0 = Release|Win32
		{98B8EC8A-E05F-4A7C-98D1-E2F17790CD36}.Debug|x64.ActiveCfg = Debug|x64
		{98B8EC8A-E05F-4A7C-98D1-E2F17790CD36}.Debug|x64.Build.0 = Debug|x64
		{98B8EC8A-E05F-4A7C-98D1-E2F17790CD36}.Debug|x86.ActiveCfg = Debug|Win32
		{98B8EC8A-E05F-4A7C-98D1-E2F17790CD36}.Debug|x86.Build.0 = Debug|Win32
		{98B8EC8A-E05F-4A7C-98D1-E2F17790CD36}.Release|x64.ActiveCfg = Release|x64
		{98B8EC8A-E05F-4A7C-98D1-E2F17790CD36}.Release|x64.Build.0 = Release|x64
		{98B8EC8A-E05F-4A7C-98D1-E2F17790CD36}.Release|x86.ActiveCfg = Release|Win32
		{98B8EC8A-E05F-4A7C-98D1-E2F17790CD36}.Release|x86.Build.0 = Release|Win32
		{E6E7FDAA-CA6A-4FDA-AD92-AF0D545734DD}.Debug|x64.ActiveCfg = Debug|x64
		{E6E7FDAA-CA6A-4FDA-AD92-AF0D545734DD}.Debug|x64.Build.0 = Debug|x64
		{E6E7FDAA-CA6A-4FDA-AD92-AF0D545734DD}.Debug|x86.ActiveCfg = Debug|Win32
		{E6E7FDAA-CA6A-4FDA-AD92-AF0D545734DD}.Debug|x86.Build.0 = Debug|Win32
		{E6E7FDAA-CA6A-4FDA-AD92-AF0D545734DD}.Release|x64.ActiveCfg = Release|x64
		{E6E7FDAA-CA6A-4FDA-AD92-AF0D545734DD}.Release|x64.Build.0 = Release|x64
		{E6E7FDAA-CA6A-4FDA-AD92-AF0D545734DD}.Release|x86.ActiveCfg = Release|Win32
		{E6E7FDAA-CA6A-4FDA-AD92-AF0D545734DD}.Release|x86.Build.0 = Release|Win32
		{25163CBD-33EA-4A06-AAF4-6236A99DE2FD}.Debug|x64.ActiveCfg = Debug|x64
		{25163CBD-33EA-4A06-AAF4-6236A99DE2FD}.Debug|x64.Build.0 = Debug|x64
		{25163CBD-33EA-4A06-AAF4-6236A99DE2FD}.Debug|x86.ActiveCfg = Debug|Win32
		{25163CBD-33EA-4A06-AAF4-6236A99DE2FD}.Debug|x86.Build.0 = Debug|Win32
		{25163CBD-33EA-4A06-AAF4-6236A99DE2FD}.Release|x64.ActiveCfg = Release|x64
		{25163CBD-33EA-4A06-AAF4-6236A99DE2FD}.Release|x64.Build.0 = Release|x64
		{25163CBD-33EA-4A06-AAF4-6236A99DE2FD}.Release|x86.ActiveCfg = Release|Win32
		{25163CBD-33EA-4A06-AAF4-6236A99DE2FD}.Release|x86.Build.0 = Release|Win32
		{4E0C325D-5139-4FC4-8593-782A106AEF7F}.Debug|x64.ActiveCfg = Debug|x64
		{4E0C325D-5139-4FC4-8593-782A106AEF7F}.Debug|x64.Build.0 = Debug|x64
		{4E0C325D-5139-4FC4-8593-782A106AEF7F}.Debug|x86.ActiveCfg = Debug|Win32
		{4E0C325D-5139-4FC4-8593-782A106AEF7F}.Debug|x86.Build.0 = Debug|Win32
		{4E0C325D-5139-4FC4-8593-782A106AEF7F}.Release|x64.ActiveCfg = Release|x64
		{4E0C325D-5139-4FC4-8593-782A106AEF7F}.Release|x64.Build.0 = Release|x64
		{4E0C325D-5139-4FC4-8593-782A106AEF7F}.Release|x86.ActiveCfg = Release|Win32
		{4E0C325D-5139-4FC4-8593-782A106AEF7F}.Release|x86.Build.0 = Release|Win32
		{67D3650F-0F16-4301-A2DA-A8CF6F1BDB62}.Debug|x64.ActiveCfg = Debug|x64
		{67D3650F-0F16-4301-A2DA-A8CF6F1BDB62}.Debug|x64.Build.0 = Debug|x64
		{67D3650F-0F16-4301-A2DA-A8CF6F1BDB62}.Debug|x86.ActiveCfg = Debug|Win32
		{67D3650F-0F16-4301-A2DA-A8CF6F1BDB62}.Debug|x86.Build.0 = Debug|Win32
		{67D3650F-0F16-4301-A2DA-A8CF6F1BDB62}.Release|x64.ActiveCfg = Release|x64
		{67D3650F-0F16-4301-A2DA-A8CF6F1BDB62}.Release|x64.Build.0 = Release|x64
		{67D3650F-0F16-4301-A2DA-A8CF6F1BDB62}.Release|x86.ActiveCfg = Release|Win32
		{67D3650F-0F16-4301-A2DA-A8CF6F1BDB62}.Release|x86.Build.0 = Release|Win32
		{5BE45935-647A-409A-AA77-227DBFFF61C9}.Debug|x64.ActiveCfg = Debug|x64
		{5BE45935-647A-409A-AA77-227DBFFF61C9}.Debug|x64.Build.0 = Debug|x64
		{5BE45935-647A-409A-AA77-227DBFFF61C9}.Debug|x86.ActiveCfg = Debug|Win32
		{5BE45935-647A-409A-AA77-227DBFFF61C9}.Debug|x86.Build.0 = Debug|Win32
		{5BE45935-647A-409A-AA77-227DBFFF61C9}.Release|x64.ActiveCfg = Release|x64
		{5BE45935-647A-409A-AA77-227DBFFF61C9}.Release|x64.Build.0 = Release|x64
		{5BE45935-647A-409A-AA77-227DBFFF61C9}.Release|x86.ActiveCfg = Release|Win32
		{5BE45935-647A-409A-AA77-227DBFFF61C9}.Release|x86.Build.0 = Release|Win32
		{F18BD8E1-F636-420F-AED7-0C9837F332BE}.Debug|x64.ActiveCfg = Debug|x64
		{F18BD8E1-F636-420F-AED7-0C9837F332BE}.Debug|x64.Build.0 = Debug|x64
		{F18BD8E1-F636-420F-AED7-0C9837F332BE}.Debug|x86.ActiveCfg = Debug|Win32
		{F18BD8E1-F636-420F-AED7-0C9837F332BE}.Debug|x86.Build.0 = Debug|Win32
		{F18BD8E1-F636-420F-AED7-0C9837F332BE}.Release|x64.ActiveCfg = Release|x64
		{F18BD8E1-F636-420F-AED7-0C9837F332BE}.Release|x64.Build.0 = Release|x64
		{F18BD8E1-F636-420F-AED7-0C9837F332BE}.Release|x86.ActiveCfg = Release|Win32
		{F18BD8E1-F636-420F-AED7-0C9837F332BE}.Release|x86.Build.0 = Release|Win32
		{2C804D7C-7A67-452A-A013-11B88A5CF9DE}.Debug|x64.ActiveCfg = Debug|x64
		{2C804D7C-7A67-452A-A013-11B88A5CF9DE}.Debug|x64.Build.0 = Debug|x64
		{2C804D7C-7A67-452A-A013-11B88A5CF9DE}.Debug|x86.ActiveCfg = Debug|Win32
		{2C804D7C-7A67-452A-A013-11B88A5CF9DE}.Debug|x86.Build.0 = Debug|Win32
		{2C804D7C-7A67-452A-A013-11B88A5CF9DE}.Release|x64.ActiveCfg = Release|x64
		{2C804D7C-7A67-452A-A013-11B88A5CF9DE}.Release|x64.Build.0 = Release|x64
		{2C804D7C-7A67-452A-A013-11B88A5CF9DE}.Release|x86.ActiveCfg = Release|Win32
		{2C804D7C-7A67-452A-A013-11B88A5CF9DE}.Release|x86.Build.0 = Release|Win32
		{245914C2-20A3-48DF-BE49-E3B62E36E6AA}.Debug|x64.ActiveCfg = Debug|x64
		{245914C2-20A3-48DF-BE49-E3B62E36E6AA}.Debug|x64.Build.0 = Debug|x64
		{245914C2-20A3-48DF-BE49-E3B62E36E6AA}.Debug|x86.ActiveCfg = Debug|Win32
		{245914C2-20A3-48DF-BE49-E3B62E36E6AA}.Debug|x86.Build.0 = Debug|Win32
		{245914C2-20A3-48DF-BE49-E3B62E36E6AA}.Release|x64.ActiveCfg = Release|x64
		{245914C2-20A3-48DF-BE49-E3B62E36E6AA}.Release|x64.Build.0 = Release|x64
		{245914C2-20A3-48DF-BE49-E3B62E36E6AA}.Release|x86.ActiveCfg = Release|Win32
		{245914C2-20A3-48DF-BE49-E3B62E36E6AA}.Release|x86.Build.0 = Release|Win32
		{B7BB46DB-A0A0-493D-9EB8-294F3B29475E}.Debug|x64.ActiveCfg = Debug|x64
		{B7BB46DB-A0A0-493D-9EB8-294F3B29475E}.Debug|x64.Build.0 = Debug|x64
		{B7BB46DB-A0A0-493D-9EB8-294F3B29475E}.Debug|x86.ActiveCfg = Debug|Win32
		{B7BB46DB-A0A0-493D-9EB8-294F3B29475E}.Debug|x86.Build.0 = Debug|Win32
		{B7BB46DB-A0A0-493D-9EB8-294F3B29475E}.Release|x64.ActiveCfg = Release|x64
		{B7BB46DB-A0A0-493D-9EB8-294F3B29475E}.Release|x64.Build.0 = Release|x64
		{B7BB46DB-A0A0-493D-9EB8-294F3B29475E}.Release|x86.ActiveCfg = Release|Win32
		{B7BB46DB-A0A0-493D-9EB8-294F3B29475E}.Release|x86.Build.0 = Release|Win32
		{C6F92851-D3A3-4AFC-BAB0-76E4AF1B3D1D}.Debug|x64.ActiveCfg = Debug|x64
		{C6F92851-D3A3-4AFC-BAB0-76E4AF1B3D1D}.Debug|x64.Build.0 = Debug|x64
		{C6F92851-D3A3-4AFC-BAB0-76E4AF1B3D1D}.Debug|x86.ActiveCfg = Debug|Win32
		{C6F92851-D3A3-4AFC-BAB0-76E4AF1B3D1D}.Debug|x86.Build.0 = Debug|Win32
		{C6F92851-D3A3-4AFC-BAB0-76E4AF1B3D1D}.Release|x64.ActiveCfg = Release|x64
		{C6F92851-D3A3-4AFC-BAB0-76E4AF1B3D1D}.Release|x64.Build.0 = Release|x64
		{C6F92851-D3A3-4AFC-BAB0-76E4AF1B3D1D}.Release|x86.ActiveCfg = Release|Win32
		{C6F92851-D3A3-4AFC-BAB0-76E4AF1B3D1D}.Release|x86.Build.0 = Release|Win32
		{E82CFCF5-D618-4FB0-9E3E-5BDA23F1C699}.Debug|x64.ActiveCfg = Debug|x64
		{E82CFCF5-D618-4FB0-9E3E-5BDA23F1C699}.Debug|x64.Build.0 = Debug|x64
		{E82CFCF5-D618-4FB0-9E3E-5BDA23F1C699}.Debug|x86.ActiveCfg = Debug|Win32
		{E82CFCF5-D618-4FB0-9E3E-5BDA23F1C699}.Debug|x86.Build.0 = Debug|Win32
		{E82CFCF5-D618-4FB0-9E3E-5BDA23F1C699}.Release|x64.ActiveCfg = Release|x64
		{E82CFCF5-D618-4FB0-9E3E-5BDA23F1C699}.Release|x64.Build.0 = Release|x64
		{E82CFCF5-D618-4FB0-9E3E-5BDA23F1C699}.Release|x86.ActiveCfg = Release|Win32
		{E82CFCF5-D618-4FB0-9E3E-5BDA23F1C699}.Release|x86.Build.0 = Release|Win32
		{CDC635FF-2F17-486B-8B34-5D7D48A4EAC1}.Debug|x64.ActiveCfg = Debug|x64
		{CDC635FF-2F17-486B-8B34-5D7D48A4EAC1}.Debug|x64.Build.0 = Debug|x64
		{CDC635FF-2F17-486B-8B34-5D7D48A4EAC1}.Debug|x86.ActiveCfg = Debug|Win32
		{CDC635FF-2F17-486B-8B34-5D7D48A4EAC1}.Debug|x86.Build.0 = Debug|Win32
		{CDC635FF-2F17-486B-8B34-5D7D48A4EAC1}.Release|x64.ActiveCfg = Release|x64
		{CDC635FF-2F17-486B-8B34-5D7D48A4EAC1}.Release|x64.Build.0 = Release|x64
		{CDC635FF-2F17-486B-8B34-5D7D48A4EAC1}.Release|x86.ActiveCfg = Release|Win32
		{CDC635FF-2F17-486B-8B34-5D7D48A4EAC1}.Release|x86.Build.0 = Release|Win32
		{708309AF-235F-4AB5-AC5B-001C023BF0A3}.Debug|x64.ActiveCfg = Debug|x64
		{708309AF-235F-4AB5-AC5B-001C023BF0A3}.Debug|x64.Build.0 = Debug|x64
		{708309AF-235F-4AB5-AC5B-001C023BF0A3}.Debug|x86.ActiveCfg = Debug|Win32
		{708309AF-235F-4AB5-AC5B-001C023BF0A3}.Debug|x86.Build.0 = Debug|Win32
		{708309AF-235F-4AB5-AC5B-001C023BF0A3}.Release|x64.ActiveCfg = Release|x64
		{708309AF-235F-4AB5-AC5B-001C023BF0A3}.Release|x64.Build.0 = Release|x64
		{708309AF-235F-4AB5-AC5B-001C023BF0A3}.Release|x86.ActiveCfg = Release|Win32
		{708309AF-235F-4AB5-AC5B-001C023BF0A3}.Release|x86.Build.0 = Release|Win32
		{8A0A2833-432D-4406-B2F5-6C1D1A2D6C46}.Debug|x64.ActiveCfg = Debug|x64
		{8A0A2833-432D-4406-B2F5-6C1D1A2D6C46}.Debug|x64.Build.0 = Debug|x64
		{8A0A2833-432D-4406-B2F5-6C1D1A2D6C46}.Debug|x86.ActiveCfg = Debug|Win32
		{8A0A2833-432D-4406-B2F5-6C1D1A2D6C46}.Debug|x86.Build.0 = Debug|Win32
		{8A0A2833-432D-4406-B2F5-6C1D1A2D6C46}.Release|x64.ActiveCfg = Release|x64
		{8A0A2833-432D-4406-B2F5-6C1D1A2D6C46}.Release|x64.Build.0 = Release|x64
		{8A0A2833-432D-4406-B2F5-6C1D1A2D6C46}.Release|x86.ActiveCfg = Release|Win32
		{8A0A2833-432D-4406-B2F5-6C1D1A2D6C46}.Release|x86.Build.0 = Release|Win32
		{ED6ECC8C-C16E-48FE-A646-ED78DD7BAF93}.Debug|x64.ActiveCfg = Debug|x64
		{ED6ECC8C-C16E-48FE-A646-ED78DD7BAF93}.Debug|x64.Build.0 = Debug|x64
		{ED6ECC8C-C16E-48FE-A646-ED78DD7BAF93}.Debug|x86.ActiveCfg = Debug|Win32
		{ED6ECC8C-C16E-48FE-A646-ED78DD7BAF93}.Debug|x86.Build.0 = Debug|Win32
		{ED6ECC8C-C16E-48FE-A646-ED78DD7BAF93}.Release|x64.ActiveCfg = Release|x64
		{ED6ECC8C-C16E-48FE-A646-ED78DD7BAF93}.Release|x64.Build.0 = Release|x64
		{ED6ECC8C-C16E-48FE-A646-ED78DD7BAF93}.Release|x86.ActiveCfg = Release|Win32
		{ED6ECC8C-C16E-48FE-A646-ED78DD7BAF93}.Release|x86.Build.0 = Release|Win32
		{E348A005-E74A-49E3-A96F-7021E0BEC496}.Debug|x64.ActiveCfg = Debug|x64
		{E348A005-E74A-49E3-A96F-7021E0BEC496}.Debug|x64.Build.0 = Debug|x64
		{E348A005-E74A-49E3-A96F-7021E0BEC496}.Debug|x86.ActiveCfg = Debug|Win32
		{E348A005-E74A-49E3-A96F-7021E0BEC496}.Debug|x86.Build.0 = Debug|Win32
		{E348A005-E74A-49E3-A96F-7021E0BEC496}.Release|x64.ActiveCfg = Release|x64
		{E348A005-E74A-49E3-A96F-7021E0BEC496}.Release|x64.Build.0 = Release|x64
		{E348A005-E74A-49E3-A96F-7021E0BEC496}.Release|x86.ActiveCfg = Release|Win32
		{E348A005-E74A-49E3-A96F-7021E0BEC496}.Release|x86.Build.0 = Release|Win32
		{B94C2832-F92E-48F2-84AF-5265B9A015C8}.Debug|x64.ActiveCfg = Debug|x64
		{B94C2832-F92E-48F2-84AF-5265B9A015C8}.Debug|x64.Build.0 = Debug|x64
		{B94C2832-F92E-48F2-84AF-5265B9A015C8}.Debug|x86.ActiveCfg = Debug|Win32
		{B94C2832-F92E-48F2-84AF-5265B9A015C8}.Debug|x86.Build.0 = Debug|Win32
		{B94C2832-F92E-48F2-84AF-5265B9A015C8}.Release|x64.ActiveCfg = Release|x64
		{B94C2832-F92E-48F2-84AF-5265B9A015C8}.Release|x64.Build.0 = Release|x64
		{B94C2832-F92E-48F2-84AF-5265B9A015C8}.Release|x86.ActiveCfg = Release|Win32
		{B94C2832-F92E-48F2-84AF-5265B9A015C8}.Release|x86.Build.0 = Release|Win32
		{2AE9065C-48E1-481B-A821-B65603CA1221}.Debug|x64.ActiveCfg = Debug|x64
		{2AE9065C-48E1-481B-A821-B65603CA1221}.Debug|x64.Build.0 = Debug|x64
		{2AE9065C-48E1-481B-A821-B65603CA1221}.Debug|x86.ActiveCfg = Debug|Win32
		{2AE9065C-48E1-481B-A821-B65603CA1221}.Debug|x86.Build.0 = Debug|Win32
		{2AE9065C-48E1-481B-A821-B65603CA1221}.Release|x64.ActiveCfg = Release|x64
		{2AE9065C-48E1-481B-A821-B65603CA1221}.Release|x64.Build.0 = Release|x64
		{2AE9065C-48E1-481B-A821-B65603CA1221}.Release|x86.ActiveCfg = Release|Win32
		{2AE9065C-48E1-481B-A821-B65603CA1221}.Release|x86.Build.0 = Release|Win32
		{00B7E73D-BF97-4E00-A5E8-46F8E935F1AD}.Debug|x64.ActiveCfg = Debug|x64
		{00B7E73D-BF97-4E00-A5E8-46F8E935F1AD}.Debug|x64.Build.0 = Debug|x64
		{00B7E73D-BF97-4E00-A5E8-46F8E935F1AD}.Debug|x86.ActiveCfg = Debug|Win32
		{00B7E73D-BF97-4E00-A5E8-46F8E935F1AD}.Debug|x86.Build.0 = Debug|Win32
		{00B7E73D-BF97-4E00-A5E8-46F8E935F1AD}.Release|x64.ActiveCfg = Release|x64
		{00B7E73D-BF97-4E00-A5E8-46F8E935F1AD}.Release|x64.Build.0 = Release|x64
		{00B7E73D-BF97-4E00-A5E8-46F8E935F1AD}.Release|x86.ActiveCfg = Release|Win32
		{00B7E73D-BF97-4E00-A5E8-46F8E935F1AD}.Release|x86.Build.0 = Release|Win32
		{71AF237B-8BB9-4F06-AF73-FE020BC00266}.Debug|x64.ActiveCfg = Debug|x64
		{71AF237B-8BB9-4F06-AF73-FE020BC00266}.Debug|x64.Build.0 = Debug|x64
		{71AF237B-8BB9-4F06-AF73-FE020BC00266}.Debug|x86.ActiveCfg = Debug|Win32
		{71AF237B-8BB9-4F06-AF73-FE020BC00266}.Debug|x86.Build.0 = Debug|Win32
		{71AF237B-8BB9-4F06-AF73-FE020BC00266}.Release|x64.ActiveCfg = Release|x64
		{71AF237B-8BB9-4F06-AF73-FE020BC00266}.Release|x64.Build.0 = Release|x64
		{71AF237B-8BB9-4F06-AF73-FE020BC00266}.Release|x86.ActiveCfg = Release|Win32
		{71AF237B-8BB9-4F06-AF73-FE020BC00266}.Release|x86.Build.0 = Release|Win32
		{0243C292-3D66-4B5E-B196-14EEDAC8DE85}.Debug|x64.ActiveCfg = Debug|x64
		{0243C292-3D66-4B5E-B196-14EEDAC8DE85}.Debug|x64.Build.0 = Debug|x64
		{0243C292-3D66-4B5E-B196-14EEDAC8DE85}.Debug|x86.ActiveCfg = Debug|Win32
		{0243C292-3D66-4B5E-B196-14EEDAC8DE85}.Debug|x86.Build.0 = Debug|Win32
		{0243C292-3D66-4B5E-B196-14EEDAC8DE85}.Release|x64.ActiveCfg = Release|x64
		{0243C292-3D66-4B5E-B196-14EEDAC8DE85}.Release|x64.Build.0 = Release|x64
		{0243C292-3D66-4B5E-B196-14EEDAC8DE85}.Release|x86.ActiveCfg = Release|Win32
		{0243C292-3D66-4B5E-B196-14EEDAC8DE85}.Release|x86.Build.0 = Release|Win32
		{FE302157-A872-4EA1-B263-8CACB02DF027}.Debug|x64.ActiveCfg = Debug|x64
		{FE302157-A872-4EA1-B263-8CACB02DF027}.Debug|x64.Build.0 = Debug|x64
		{FE302157-A872-4EA1-B263-8CACB02DF027}.Debug|x86.ActiveCfg = Debug|Win32
		{FE302157-A872-4EA1-B263-8CACB02DF027}.Debug|x86.Build.0 = Debug|Win32
		{FE302157-A872-4EA1-B263-8CACB02DF027}.Release|x64.ActiveCfg = Release|x64
		{FE302157-A872-4EA1-B263-8CACB02DF027}.Release|x64.Build.0 = Release|x64
		{FE302157-A872-4EA1-B263-8CACB02DF027}.Release|x86.ActiveCfg = Release|Win32
		{FE302157-A872-4EA1-B263-8CACB02DF027}.Release|x86.Build.0 = Release|Win32
		{ACB789E2-38C4-4389-ACDF-A6226D0122A7}.Debug|x64.ActiveCfg = Debug|x64
		{ACB789E2-38C4-4389-ACDF-A6226D0122A7}.Debug|x64.Build.0 = Debug|x64
		{ACB789E2-38C4-4389-ACDF-A6226D0122A7}.Debug|x86.ActiveCfg = Debug|Win32
		{ACB789E2-38C4-4389-ACDF-A6226D0122A7}.Debug|x86.Build.0 = Debug|Win32
		{ACB789E2-38C4-4389-ACDF-A6226D0122A7}.Release|x64.ActiveCfg = Release|x64
		{ACB789E2-38C4-4389-ACDF-A6226D0122A7}.Release|x64.Build.0 = Release|x64
		{ACB789E2-38C4-4389-ACDF-A6226D0122A7}.Release|x86.ActiveCfg = Release|Win32
		{ACB789E2-38C4-4389-ACDF-A6226D0122A7}.Release|x86.Build.0 = Release|Win32
		{9049642C-2B83-40EE-9744-21100BB0A07E}.Debug|x64.ActiveCfg = Debug|x64
		{9049642C-2B83-40EE-9744-21100BB0A07E}.Debug|x64.Build.0 = Debug|x64
		{9049642C-2B83-40EE-9744-21100BB0A07E}.Debug|x86.ActiveCfg = Debug|Win32
		{9049642C-2B83-40EE-9744-21100BB0A07E}.Debug|x86.Build.0 = Debug|Win32
		{9049642C-2B83-40EE-9744-21100BB0A07E}.Release|x64.ActiveCfg = Release|x64
		{9049642C-2B83-40EE-9744-21100BB0A07E}.Release|x64.Build.0 = Release|x64
		{9049642C-2B83-40EE-9744-21100BB0A07E}.Release|x86.ActiveCfg = Release|Win32
		{9049642C-2B83-40EE-9744-21100BB0A07E}.Release|x86.Build.0 = Release|Win32
		{7FD46CCA-81BB-4A4F-9ED2-C909F9040E6C}.Debug|x64.ActiveCfg = Debug|x64
		{7FD46CCA-81BB-4A4F-9ED2-C909F9040E6C}.Debug|x64.Build.0 = Debug|x64
		{7FD46CCA-81BB-4A4F-9ED2-C909F9040E6C}.Debug|x86.ActiveCfg = Debug|Win32
		{7FD46CCA-81BB-4A4F-9ED2-C909F9040E6C}.Debug|x86.Build.0 = Debug|Win32
		{7FD46CCA-81BB-4A4F-9ED2-C909F9040E6C}.Release|x64.ActiveCfg = Release|x64
		{7FD46CCA-81BB-4A4F-9ED2-C909F9040E6C}.Release|x64.Build.0 = Release|x64
		{7FD46CCA-81BB-4A4F-9ED2-C909F9040E6C}.Release|x86.ActiveCfg = Release|Win32
		{7FD46CCA-81BB-4A4F-9ED2-C909F9040E6C}.Release|x86.Build.0 = Release|Win32
		{E1520580-F224-4D9C-844E-79CE02D2D26E}.Debug|x64.ActiveCfg = Debug|x64
		{E1520580-F224-4D9C-844E-79CE02D2D26E}.Debug|x64.Build.0 = Debug|x64
		{E1520580-F224-4D9C-844E-79CE02D2D26E}.Debug|x86.ActiveCfg = Debug|Win32
		{E1520580-F224-4D9C-844E-79CE02D2D26E}.Debug|x86.Build.0 = Debug|Win32
		{E1520580-F224-4D9C-844E-79CE02D2D26E}.Release|x64.ActiveCfg = Release|x64
		{E1520580-F224-4D9C-844E-79CE02D2D26E}.Release|x64.Build.0 = Release|x64
		{E1520580-F224-4D9C-844E-79CE02D2D26E}.Release|x86.ActiveCfg = Release|Win32
		{E1520580-F224-4D9C-844E-79CE02D2D26E}.Release|x86.Build.0 = Release|Win32
		{6A352A6E-1DE1-4DBD-80BD-BCC9E973D65D}.Debug|x64.ActiveCfg = Debug|x64
		{6A352A6E-1DE1-4DBD-80BD-BCC9E973D65D}.Debug|x64.Build.0 = Debug|x64
		{6A352A6E-1DE1-4DBD-80BD-BCC9E973D65D}.Debug|x86.ActiveCfg = Debug|Win32
		{6A352A6E-1DE1-4DBD-80BD-BCC9E973D65D}.Debug|x86.Build.0 = Debug|Win32
		{6A352A6E-1DE1-4DBD-80BD-BCC9E973D65D}.Release|x64.ActiveCfg = Release|x64
		{6A352A6E-1DE1-4DBD-80BD-BCC9E973D65D}.Release|x64.Build.0 = Release|x64
		{6A352A6E-1DE1-4DBD-80BD-BCC9E973D65D}.Release|x86.ActiveCfg = Release|Win32
		{6A352A6E-1DE1-4DBD-80BD-BCC9E973D65D}.Release|x86.Build.0 = Release|Win32
		{6DBC890C-CC83-4B31-8A16-20362760740B}.Debug|x64.ActiveCfg = Debug|x64
		{6DBC890C-CC83-4B31-8A16-20362760740B}.Debug|x64.Build.0 = Debug|x64
		{6DBC890C-CC83-4B31-8A16-20362760740B}.Debug|x86.ActiveCfg = Debug|Win32
		{6DBC890C-CC83-4B31-8A16-20362760740B}.Debug|x86.Build.0 = Debug|Win32
		{6DBC890C-CC83-4B31-8A16-20362760740B}.Release|x64.ActiveCfg = Release|x64
		{6DBC890C-CC83-4B31-8A16-20362760740B}.Release|x64.Build.0 = Release|x64
		{6DBC890C-CC83-4B31-8A16-20362760740B}.Release|x86.ActiveCfg = Release|Win32
		{6DBC890C-CC83-4B31-8A16-20362760740B}.Release|x86.Build.0 = Release|Win32
		{5EEBEB8C-1F4F-480C-89CF-76BA9E0E524D}.Debug|x64.ActiveCfg = Debug|x64
		{5EEBEB8C-1F4F-480C-89CF-76BA9E0E524D}.Debug|x64.Build.0 = Debug|x64
		{5EEBEB8C-1F4F-480C-89CF-76BA9E0E524D}.Debug|x86.ActiveCfg = Debug|Win32
		{5EEBEB8C-1F4F-480C-89CF-76BA9E0E524D}.Debug|x86.Build.0 = Debug|Win32
		{5EEBEB8C-1F4F-480C-89CF-76BA9E0E524D}.Release|x64.ActiveCfg = Release|x64
		{5EEBEB8C-1F4F-480C-89CF-76BA9E0E524D}.Release|x64.Build.0 = Release|x64
		{5EEBEB8C-1F4F-480C-89CF-76BA9E0E524D}.Release|x86.ActiveCfg = Release|Win32
		{5EEBEB8C-1F4F-480C-89CF-76BA9E0E524D}.Release|x86.Build.0 = Release|Win32
		{8E45FBE6-399F-4FA3-9BFD-37F5EC53EFCE}.Debug|x64.ActiveCfg = Debug|x64
		{8E45FBE6-399F-4FA3-9BFD-37F5EC53EFCE}.Debug|x64.Build.0 = Debug|x64
		{8E45FBE6-399F-4FA3-9BFD-37F5EC53EFCE}.Debug|x86.ActiveCfg = Debug|Win32
		{8E45FBE6-399F-4FA3-9BFD-37F5EC53EFCE}.Debug|x86.Build.0 = Debug|Win32
		{8E45FBE6-399F-4FA3-9BFD-37F5EC53EFCE}.Release|x64.ActiveCfg = Release|x64
		{8E45FBE6-399F-4FA3-9BFD-37F5EC53EFCE}.Release|x64.Build.0 = Release|x64
		{8E45FBE6-399F-4FA3-9BFD-37F5EC53EFCE}.Release|x86.ActiveCfg = Release|Win32
		{8E45FBE6-399F-4FA3-9BFD-37F5EC53EFCE}.Release|x86.Build.0 = Release|Win32
		{6AB1F919-EA74-42ED-8F29-83CBC16D0690}.Debug|x64.ActiveCfg = Debug|x64
		{6AB1F919-EA74-42ED-8F29-83CBC16D0690}.Debug|x64.Build.0 = Debug|x64
		{6AB1F919-EA74-42ED-8F29-83CBC16D0690}.Debug|x86.ActiveCfg = Debug|Win32
		{6AB1F919-EA74-42ED-8F29-83CBC16D0690}.Debug|x86.Build.0 = Debug|Win32
		{6AB1F919-EA74-42ED-8F29-83CBC16D0690}.Release|x64.ActiveCfg = Release|x64
		{6AB1F919-EA74-42ED-8F29-83CBC16D0690}.Release|x64.Build.0 = Release|x64
		{6AB1F919-EA74-42ED-8F29-83CBC16D0690}.Release|x86.ActiveCfg = Release|Win32
		{6AB1F919-EA74-42ED-8F29-83CBC16D0690}.Release|x86.Build.0 = Release|Win32
		{DDB8F4DC-C11C-40D1-86D9-44A4176A0BF5}.Debug|x64.ActiveCfg = Debug|x64
		{DDB8F4DC-C11C-40D1-86D9-44A4176A0BF5}.Debug|x64.Build.0 = Debug|x64
		{DDB8F4DC-C11C-40D1-86D9-44A4176A0BF5}.Debug|x86.ActiveCfg = Debug|Win32
		{DDB8F4DC-C11C-40D1-86D9-44A4176A0BF5}.Debug|x86.Build.0 = Debug|Win32
		{DDB8F4DC-C11C-40D1-86D9-44A4176A0BF5}.Release|x64.ActiveCfg = Release|x64
		{DDB8F4DC-C11C-40D1-86D9-44A4176A0BF5}.Release|x64.Build.0 = Release|x64
		{DDB8F4DC-C11C-40D1-86D9-44A4176A0BF5}.Release|x86.ActiveCfg = Release|Win32
		{DDB8F4DC-C11C-40D1-86D9-44A4176A0BF5}.Release|x86.Build.0 = Release|Win32
		{896ED0BD-3F98-44E4-A722-BC658CCB53D0}.Debug|x64.ActiveCfg = Debug|x64
		{896ED0BD-3F98-44E4-A722-BC658CCB53D0}.Debug|x64.Build.0 = Debug|x64
		{896ED0BD-3F98-44E4-A722-BC658CCB53D0}.Debug|x86.ActiveCfg = Debug|Win32
		{896ED0BD-3F98-44E4-A722-BC658CCB53D0}.Debug|x86.Build.0 = Debug|Win32
		{896ED0BD-3F98-44E4-A722-BC658CCB53D0}.Release|x64.ActiveCfg = Release|x64
		{896ED0BD-3F98-44E4-A722-BC658CCB53D0}.Release|x64.Build.0 = Release|x64
		{896ED0BD-3F98-44E4-A722-BC658CCB53D0}.Release|x86.ActiveCfg = Release|Win32
		{896ED0BD-3F98-44E4-A722-BC658CCB53D0}.Release|x86.Build.0 = Release|Win32
		{BAE84C48-F0D5-43D4-857B-44D3274874C0}.Debug|x64.ActiveCfg = Debug|x64
		{BAE84C48-F0D5-43D4-857B-44D3274874C0}.Debug|x64.Build.0 = Debug|x64
		{BAE84C48-F0D5-43D4-857B-44D3274874C0}.Debug|x86.ActiveCfg = Debug|Win32
		{BAE84C48-F0D5-43D4-857B-44D3274874C0}.Debug|x86.Build.0 = Debug|Win32
		{BAE84C48-F0D5-43D4-857B-44D3274874C0}.Release|x64.ActiveCfg = Release|x64
		{BAE84C48-F0D5-43D4-857B-44D3274874C0}.Release|x64.Build.0 = Release|x64
		{BAE84C48-F0D5-43D4-857B-44D3274874C0}.Release|x86.ActiveCfg = Release|Win32
		{BAE84C48-F0D5-43D4-857B-44D3274874C0}.Release|x86.Build.0 = Release|Win32
		{DD6F1B31-7335-4291-B1CF-442A4BCCC416}.Debug|x64.ActiveCfg = Debug|x64
		{DD6F1B31-7335-4291-B1CF-442A4BCCC416}.Debug|x64.Build.0 = Debug|x64
		{DD6F1B31-7335-4291-B1CF-442A4BCCC416}.Debug|x86.ActiveCfg = Debug|Win32
		{DD6F1B31-7335-4291-B1CF-442A4BCCC416}.Debug|x86.Build.0 = Debug|Win32
		{DD6F1B31-7335-4291-B1CF-442A4BCCC416}.Release|x64.ActiveCfg = Release|x64
		{DD6F1B31-7335-4291-B1CF-442A4BCCC416}.Release|x64.Build.0 = Release|x64
		{DD6F1B31-7335-4291-B1CF-442A4BCCC416}.Release|x86.ActiveCfg = Release|Win32
		{DD6F1B31-7335-4291-B1CF-442A4BCCC416}.Release|x86.Build.0 = Release|Win32
	EndGlobalSection
	GlobalSection(SolutionProperties) = preSolution
		HideSolutionNode = FALSE
	EndGlobalSection
	GlobalSection(ExtensibilityGlobals) = postSolution
		SolutionGuid = {EE26040D-630E-49CF-B4A5-1EADD89434B9}
	EndGlobalSection
EndGlobal
